{
  "name": "horasExtra",
  "lockfileVersion": 3,
  "requires": true,
  "packages": {
    "": {
      "dependencies": {
        "@prisma/client": "^6.17.0"
      }
    },
    "node_modules/@prisma/client": {
      "version": "6.17.0",
      "resolved": "https://registry.npmjs.org/@prisma/client/-/client-6.17.0.tgz",
      "integrity": "sha512-b42mTLOdLEZ6e/igu8CLdccAUX9AwHknQQ1+pHOftnzDP2QoyZyFvcANqSLs5ockimFKJnV7Ljf+qrhNYf6oAg==",
      "hasInstallScript": true,
      "license": "Apache-2.0",
      "engines": {
        "node": ">=18.18"
      },
      "peerDependencies": {
        "prisma": "*",
        "typescript": ">=5.1.0"
      },
      "peerDependenciesMeta": {
        "prisma": {
          "optional": true
        },
        "typescript": {
          "optional": true
        }
      }
    }
  }
}
